
Microsoft Visual Studio Solution File, Format Version 12.00
# Visual Studio Version 17
VisualStudioVersion = 17.5.33502.453
MinimumVisualStudioVersion = 10.0.40219.1
Project("{FAE04EC0-301F-11D3-BF4B-00C04F79EFBC}") = "GiangKhaiMinh_2011062641_BigSchool", "GiangKhaiMinh_2011062641_BigSchool\GiangKhaiMinh_2011062641_BigSchool.csproj", "{C1A1A78A-0F71-4FCC-ABFF-8B14F3CF9C48}"
EndProject
Global
	GlobalSection(SolutionConfigurationPlatforms) = preSolution
		Debug|Any CPU = Debug|Any CPU
		Release|Any CPU = Release|Any CPU
	EndGlobalSection
	GlobalSection(ProjectConfigurationPlatforms) = postSolution
		{C1A1A78A-0F71-4FCC-ABFF-8B14F3CF9C48}.Debug|Any CPU.ActiveCfg = Debug|Any CPU
		{C1A1A78A-0F71-4FCC-ABFF-8B14F3CF9C48}.Debug|Any CPU.Build.0 = Debug|Any CPU
		{C1A1A78A-0F71-4FCC-ABFF-8B14F3CF9C48}.Release|Any CPU.ActiveCfg = Release|Any CPU
		{C1A1A78A-0F71-4FCC-ABFF-8B14F3CF9C48}.Release|Any CPU.Build.0 = Release|Any CPU
	EndGlobalSection
	GlobalSection(SolutionProperties) = preSolution
		HideSolutionNode = FALSE
	EndGlobalSection
	GlobalSection(ExtensibilityGlobals) = postSolution
		SolutionGuid = {815A4F21-4212-420B-ABE5-0A04AC009661}
	EndGlobalSection
EndGlobal
